// !$*UTF8*$!
{
	archiveVersion = 1;
	classes = {
	};
	objectVersion = 46;
	objects = {

/* Begin PBXBuildFile section */
		E169E46C1BD60F6D00159CFA /* Weather.m in Sources */ = {isa = PBXBuildFile; fileRef = E1F593951BD5FD3F00CC612D /* Weather.m */; };
		E1F593711BD5F82B00CC612D /* main.m in Sources */ = {isa = PBXBuildFile; fileRef = E1F593701BD5F82B00CC612D /* main.m */; };
		E1F593741BD5F82B00CC612D /* AppDelegate.m in Sources */ = {isa = PBXBuildFile; fileRef = E1F593731BD5F82B00CC612D /* AppDelegate.m */; };
		E1F593771BD5F82B00CC612D /* ViewController.m in Sources */ = {isa = PBXBuildFile; fileRef = E1F593761BD5F82B00CC612D /* ViewController.m */; };
		E1F5937A1BD5F82B00CC612D /* Main.storyboard in Resources */ = {isa = PBXBuildFile; fileRef = E1F593781BD5F82B00CC612D /* Main.storyboard */; };
		E1F5937C1BD5F82B00CC612D /* Assets.xcassets in Resources */ = {isa = PBXBuildFile; fileRef = E1F5937B1BD5F82B00CC612D /* Assets.xcassets */; };
		E1F5937F1BD5F82B00CC612D /* LaunchScreen.storyboard in Resources */ = {isa = PBXBuildFile; fileRef = E1F5937D1BD5F82B00CC612D /* LaunchScreen.storyboard */; };
		E1F5938A1BD5F82B00CC612D /* WeatherJsonExampleTests.m in Sources */ = {isa = PBXBuildFile; fileRef = E1F593891BD5F82B00CC612D /* WeatherJsonExampleTests.m */; };
		E1F5939C1BD5FFC600CC612D /* NSString+Utilities.m in Sources */ = {isa = PBXBuildFile; fileRef = E1F5939B1BD5FFC600CC612D /* NSString+Utilities.m */; settings = {ASSET_TAGS = (); }; };
/* End PBXBuildFile section */

/* Begin PBXContainerItemProxy section */
		E1F593861BD5F82B00CC612D /* PBXContainerItemProxy */ = {
			isa = PBXContainerItemProxy;
			containerPortal = E1F593641BD5F82B00CC612D /* Project object */;
			proxyType = 1;
			remoteGlobalIDString = E1F5936B1BD5F82B00CC612D;
			remoteInfo = WeatherJsonExample;
		};
/* End PBXContainerItemProxy section */

/* Begin PBXFileReference section */
		E1F5936C1BD5F82B00CC612D /* WeatherJsonExample.app */ = {isa = PBXFileReference; explicitFileType = wrapper.application; includeInIndex = 0; path = WeatherJsonExample.app; sourceTree = BUILT_PRODUCTS_DIR; };
		E1F593701BD5F82B00CC612D /* main.m */ = {isa = PBXFileReference; lastKnownFileType = sourcecode.c.objc; path = main.m; sourceTree = "<group>"; };
		E1F593721BD5F82B00CC612D /* AppDelegate.h */ = {isa = PBXFileReference; lastKnownFileType = sourcecode.c.h; path = AppDelegate.h; sourceTree = "<group>"; };
		E1F593731BD5F82B00CC612D /* AppDelegate.m */ = {isa = PBXFileReference; lastKnownFileType = sourcecode.c.objc; path = AppDelegate.m; sourceTree = "<group>"; };
		E1F593751BD5F82B00CC612D /* ViewController.h */ = {isa = PBXFileReference; lastKnownFileType = sourcecode.c.h; path = ViewController.h; sourceTree = "<group>"; };
		E1F593761BD5F82B00CC612D /* ViewController.m */ = {isa = PBXFileReference; lastKnownFileType = sourcecode.c.objc; path = ViewController.m; sourceTree = "<group>"; };
		E1F593791BD5F82B00CC612D /* Base */ = {isa = PBXFileReference; lastKnownFileType = file.storyboard; name = Base; path = Base.lproj/Main.storyboard; sourceTree = "<group>"; };
		E1F5937B1BD5F82B00CC612D /* Assets.xcassets */ = {isa = PBXFileReference; lastKnownFileType = folder.assetcatalog; path = Assets.xcassets; sourceTree = "<group>"; };
		E1F5937E1BD5F82B00CC612D /* Base */ = {isa = PBXFileReference; lastKnownFileType = file.storyboard; name = Base; path = Base.lproj/LaunchScreen.storyboard; sourceTree = "<group>"; };
		E1F593801BD5F82B00CC612D /* Info.plist */ = {isa = PBXFileReference; lastKnownFileType = text.plist.xml; path = Info.plist; sourceTree = "<group>"; };
		E1F593851BD5F82B00CC612D /* WeatherJsonExampleTests.xctest */ = {isa = PBXFileReference; explicitFileType = wrapper.cfbundle; includeInIndex = 0; path = WeatherJsonExampleTests.xctest; sourceTree = BUILT_PRODUCTS_DIR; };
		E1F593891BD5F82B00CC612D /* WeatherJsonExampleTests.m */ = {isa = PBXFileReference; lastKnownFileType = sourcecode.c.objc; path = WeatherJsonExampleTests.m; sourceTree = "<group>"; };
		E1F5938B1BD5F82B00CC612D /* Info.plist */ = {isa = PBXFileReference; lastKnownFileType = text.plist.xml; path = Info.plist; sourceTree = "<group>"; };
		E1F593941BD5FD3F00CC612D /* Weather.h */ = {isa = PBXFileReference; fileEncoding = 4; lastKnownFileType = sourcecode.c.h; path = Weather.h; sourceTree = "<group>"; };
		E1F593951BD5FD3F00CC612D /* Weather.m */ = {isa = PBXFileReference; fileEncoding = 4; lastKnownFileType = sourcecode.c.objc; path = Weather.m; sourceTree = "<group>"; };
		E1F5939A1BD5FFC600CC612D /* NSString+Utilities.h */ = {isa = PBXFileReference; fileEncoding = 4; lastKnownFileType = sourcecode.c.h; path = "NSString+Utilities.h"; sourceTree = "<group>"; };
		E1F5939B1BD5FFC600CC612D /* NSString+Utilities.m */ = {isa = PBXFileReference; fileEncoding = 4; lastKnownFileType = sourcecode.c.objc; path = "NSString+Utilities.m"; sourceTree = "<group>"; };
/* End PBXFileReference section */

/* Begin PBXFrameworksBuildPhase section */
		E1F593691BD5F82B00CC612D /* Frameworks */ = {
			isa = PBXFrameworksBuildPhase;
			buildActionMask = 2147483647;
			files = (
			);
			runOnlyForDeploymentPostprocessing = 0;
		};
		E1F593821BD5F82B00CC612D /* Frameworks */ = {
			isa = PBXFrameworksBuildPhase;
			buildActionMask = 2147483647;
			files = (
			);
			runOnlyForDeploymentPostprocessing = 0;
		};
/* End PBXFrameworksBuildPhase section */

/* Begin PBXGroup section */
		E1F593631BD5F82B00CC612D = {
			isa = PBXGroup;
			children = (
				E1F5936E1BD5F82B00CC612D /* WeatherJsonExample */,
				E1F593881BD5F82B00CC612D /* WeatherJsonExampleTests */,
				E1F5936D1BD5F82B00CC612D /* Products */,
			);
			sourceTree = "<group>";
		};
		E1F5936D1BD5F82B00CC612D /* Products */ = {
			isa = PBXGroup;
			children = (
				E1F5936C1BD5F82B00CC612D /* WeatherJsonExample.app */,
				E1F593851BD5F82B00CC612D /* WeatherJsonExampleTests.xctest */,
			);
			name = Products;
			sourceTree = "<group>";
		};
		E1F5936E1BD5F82B00CC612D /* WeatherJsonExample */ = {
			isa = PBXGroup;
			children = (
				E1F593721BD5F82B00CC612D /* AppDelegate.h */,
				E1F593731BD5F82B00CC612D /* AppDelegate.m */,
				E1F593941BD5FD3F00CC612D /* Weather.h */,
				E1F593951BD5FD3F00CC612D /* Weather.m */,
				E1F593751BD5F82B00CC612D /* ViewController.h */,
				E1F593761BD5F82B00CC612D /* ViewController.m */,
				E1F5939A1BD5FFC600CC612D /* NSString+Utilities.h */,
				E1F5939B1BD5FFC600CC612D /* NSString+Utilities.m */,
				E1F593781BD5F82B00CC612D /* Main.storyboard */,
				E1F5937B1BD5F82B00CC612D /* Assets.xcassets */,
				E1F5937D1BD5F82B00CC612D /* LaunchScreen.storyboard */,
				E1F593801BD5F82B00CC612D /* Info.plist */,
				E1F5936F1BD5F82B00CC612D /* Supporting Files */,
			);
			path = WeatherJsonExample;
			sourceTree = "<group>";
		};
		E1F5936F1BD5F82B00CC612D /* Supporting Files */ = {
			isa = PBXGroup;
			children = (
				E1F593701BD5F82B00CC612D /* main.m */,
			);
			name = "Supporting Files";
			sourceTree = "<group>";
		};
		E1F593881BD5F82B00CC612D /* WeatherJsonExampleTests */ = {
			isa = PBXGroup;
			children = (
				E1F593891BD5F82B00CC612D /* WeatherJsonExampleTests.m */,
				E1F5938B1BD5F82B00CC612D /* Info.plist */,
			);
			path = WeatherJsonExampleTests;
			sourceTree = "<group>";
		};
/* End PBXGroup section */

/* Begin PBXNativeTarget section */
		E1F5936B1BD5F82B00CC612D /* WeatherJsonExample */ = {
			isa = PBXNativeTarget;
			buildConfigurationList = E1F5938E1BD5F82B00CC612D /* Build configuration list for PBXNativeTarget "WeatherJsonExample" */;
			buildPhases = (
				E1F593681BD5F82B00CC612D /* Sources */,
				E1F593691BD5F82B00CC612D /* Frameworks */,
				E1F5936A1BD5F82B00CC612D /* Resources */,
			);
			buildRules = (
			);
			dependencies = (
			);
			name = WeatherJsonExample;
			productName = WeatherJsonExample;
			productReference = E1F5936C1BD5F82B00CC612D /* WeatherJsonExample.app */;
			productType = "com.apple.product-type.application";
		};
		E1F593841BD5F82B00CC612D /* WeatherJsonExampleTests */ = {
			isa = PBXNativeTarget;
			buildConfigurationList = E1F593911BD5F82B00CC612D /* Build configuration list for PBXNativeTarget "WeatherJsonExampleTests" */;
			buildPhases = (
				E1F593811BD5F82B00CC612D /* Sources */,
				E1F593821BD5F82B00CC612D /* Frameworks */,
				E1F593831BD5F82B00CC612D /* Resources */,
			);
			buildRules = (
			);
			dependencies = (
				E1F593871BD5F82B00CC612D /* PBXTargetDependency */,
			);
			name = WeatherJsonExampleTests;
			productName = WeatherJsonExampleTests;
			productReference = E1F593851BD5F82B00CC612D /* WeatherJsonExampleTests.xctest */;
			productType = "com.apple.product-type.bundle.unit-test";
		};
/* End PBXNativeTarget section */

/* Begin PBXProject section */
		E1F593641BD5F82B00CC612D /* Project object */ = {
			isa = PBXProject;
			attributes = {
				LastUpgradeCheck = 0700;
				ORGANIZATIONNAME = "Robert Vo";
				TargetAttributes = {
					E1F5936B1BD5F82B00CC612D = {
						CreatedOnToolsVersion = 7.0.1;
					};
					E1F593841BD5F82B00CC612D = {
						CreatedOnToolsVersion = 7.0.1;
						TestTargetID = E1F5936B1BD5F82B00CC612D;
					};
				};
			};
			buildConfigurationList = E1F593671BD5F82B00CC612D /* Build configuration list for PBXProject "WeatherJsonExample" */;
			compatibilityVersion = "Xcode 3.2";
			developmentRegion = English;
			hasScannedForEncodings = 0;
			knownRegions = (
				en,
				Base,
			);
			mainGroup = E1F593631BD5F82B00CC612D;
			productRefGroup = E1F5936D1BD5F82B00CC612D /* Products */;
			projectDirPath = "";
			projectRoot = "";
			targets = (
				E1F5936B1BD5F82B00CC612D /* WeatherJsonExample */,
				E1F593841BD5F82B00CC612D /* WeatherJsonExampleTests */,
			);
		};
/* End PBXProject section */

/* Begin PBXResourcesBuildPhase section */
		E1F5936A1BD5F82B00CC612D /* Resources */ = {
			isa = PBXResourcesBuildPhase;
			buildActionMask = 2147483647;
			files = (
				E1F5937F1BD5F82B00CC612D /* LaunchScreen.storyboard in Resources */,
				E1F5937C1BD5F82B00CC612D /* Assets.xcassets in Resources */,
				E1F5937A1BD5F82B00CC612D /* Main.storyboard in Resources */,
			);
			runOnlyForDeploymentPostprocessing = 0;
		};
		E1F593831BD5F82B00CC612D /* Resources */ = {
			isa = PBXResourcesBuildPhase;
			buildActionMask = 2147483647;
			files = (
			);
			runOnlyForDeploymentPostprocessing = 0;
		};
/* End PBXResourcesBuildPhase section */

/* Begin PBXSourcesBuildPhase section */
		E1F593681BD5F82B00CC612D /* Sources */ = {
			isa = PBXSourcesBuildPhase;
			buildActionMask = 2147483647;
			files = (
				E169E46C1BD60F6D00159CFA /* Weather.m in Sources */,
				E1F593771BD5F82B00CC612D /* ViewController.m in Sources */,
				E1F593741BD5F82B00CC612D /* AppDelegate.m in Sources */,
				E1F5939C1BD5FFC600CC612D /* NSString+Utilities.m in Sources */,
				E1F593711BD5F82B00CC612D /* main.m in Sources */,
			);
			runOnlyForDeploymentPostprocessing = 0;
		};
		E1F593811BD5F82B00CC612D /* Sources */ = {
			isa = PBXSourcesBuildPhase;
			buildActionMask = 2147483647;
			files = (
				E1F5938A1BD5F82B00CC612D /* WeatherJsonExampleTests.m in Sources */,
			);
			runOnlyForDeploymentPostprocessing = 0;
		};
/* End PBXSourcesBuildPhase section */

/* Begin PBXTargetDependency section */
		E1F593871BD5F82B00CC612D /* PBXTargetDependency */ = {
			isa = PBXTargetDependency;
			target = E1F5936B1BD5F82B00CC612D /* WeatherJsonExample */;
			targetProxy = E1F593861BD5F82B00CC612D /* PBXContainerItemProxy */;
		};
/* End PBXTargetDependency section */

/* Begin PBXVariantGroup section */
		E1F593781BD5F82B00CC612D /* Main.storyboard */ = {
			isa = PBXVariantGroup;
			children = (
				E1F593791BD5F82B00CC612D /* Base */,
			);
			name = Main.storyboard;
			sourceTree = "<group>";
		};
		E1F5937D1BD5F82B00CC612D /* LaunchScreen.storyboard */ = {
			isa = PBXVariantGroup;
			children = (
				E1F5937E1BD5F82B00CC612D /* Base */,
			);
			name = LaunchScreen.storyboard;
			sourceTree = "<group>";
		};
/* End PBXVariantGroup section */

/* Begin XCBuildConfiguration section */
		E1F5938C1BD5F82B00CC612D /* Debug */ = {
			isa = XCBuildConfiguration;
			buildSettings = {
				ALWAYS_SEARCH_USER_PATHS = NO;
				CLANG_CXX_LANGUAGE_STANDARD = "gnu++0x";
				CLANG_CXX_LIBRARY = "libc++";
				CLANG_ENABLE_MODULES = YES;
				CLANG_ENABLE_OBJC_ARC = YES;
				CLANG_WARN_BOOL_CONVERSION = YES;
				CLANG_WARN_CONSTANT_CONVERSION = YES;
				CLANG_WARN_DIRECT_OBJC_ISA_USAGE = YES_ERROR;
				CLANG_WARN_EMPTY_BODY = YES;
				CLANG_WARN_ENUM_CONVERSION = YES;
				CLANG_WARN_INT_CONVERSION = YES;
				CLANG_WARN_OBJC_ROOT_CLASS = YES_ERROR;
				CLANG_WARN_UNREACHABLE_CODE = YES;
				CLANG_WARN__DUPLICATE_METHOD_MATCH = YES;
				"CODE_SIGN_IDENTITY[sdk=iphoneos*]" = "iPhone Developer";
				COPY_PHASE_STRIP = NO;
				DEBUG_INFORMATION_FORMAT = dwarf;
				ENABLE_STRICT_OBJC_MSGSEND = YES;
				ENABLE_TESTABILITY = YES;
				GCC_C_LANGUAGE_STANDARD = gnu99;
				GCC_DYNAMIC_NO_PIC = NO;
				GCC_NO_COMMON_BLOCKS = YES;
				GCC_OPTIMIZATION_LEVEL = 0;
				GCC_PREPROCESSOR_DEFINITIONS = (
					"DEBUG=1",
					"$(inherited)",
				);
				GCC_WARN_64_TO_32_BIT_CONVERSION = YES;
				GCC_WARN_ABOUT_RETURN_TYPE = YES_ERROR;
				GCC_WARN_UNDECLARED_SELECTOR = YES;
				GCC_WARN_UNINITIALIZED_AUTOS = YES_AGGRESSIVE;
				GCC_WARN_UNUSED_FUNCTION = YES;
				GCC_WARN_UNUSED_VARIABLE = YES;
				IPHONEOS_DEPLOYMENT_TARGET = 9.0;
				MTL_ENABLE_DEBUG_INFO = YES;
				ONLY_ACTIVE_ARCH = YES;
				SDKROOT = iphoneos;
				TARGETED_DEVICE_FAMILY = "1,2";
			};
			name = Debug;
		};
		E1F5938D1BD5F82B00CC612D /* Release */ = {
			isa = XCBuildConfiguration;
			buildSettings = {
				ALWAYS_SEARCH_USER_PATHS = NO;
				CLANG_CXX_LANGUAGE_STANDARD = "gnu++0x";
				CLANG_CXX_LIBRARY = "libc++";
				CLANG_ENABLE_MODULES = YES;
				CLANG_ENABLE_OBJC_ARC = YES;
				CLANG_WARN_BOOL_CONVERSION = YES;
				CLANG_WARN_CONSTANT_CONVERSION = YES;
				CLANG_WARN_DIRECT_OBJC_ISA_USAGE = YES_ERROR;
				CLANG_WARN_EMPTY_BODY = YES;
				CLANG_WARN_ENUM_CONVERSION = YES;
				CLANG_WARN_INT_CONVERSION = YES;
				CLANG_WARN_OBJC_ROOT_CLASS = YES_ERROR;
				CLANG_WARN_UNREACHABLE_CODE = YES;
				CLANG_WARN__DUPLICATE_METHOD_MATCH = YES;
				"CODE_SIGN_IDENTITY[sdk=iphoneos*]" = "iPhone Developer";
				COPY_PHASE_STRIP = NO;
				DEBUG_INFORMATION_FORMAT = "dwarf-with-dsym";
				ENABLE_NS_ASSERTIONS = NO;
				ENABLE_STRICT_OBJC_MSGSEND = YES;
				GCC_C_LANGUAGE_STANDARD = gnu99;
				GCC_NO_COMMON_BLOCKS = YES;
				GCC_WARN_64_TO_32_BIT_CONVERSION = YES;
				GCC_WARN_ABOUT_RETURN_TYPE = YES_ERROR;
				GCC_WARN_UNDECLARED_SELECTOR = YES;
				GCC_WARN_UNINITIALIZED_AUTOS = YES_AGGRESSIVE;
				GCC_WARN_UNUSED_FUNCTION = YES;
				GCC_WARN_UNUSED_VARIABLE = YES;
				IPHONEOS_DEPLOYMENT_TARGET = 9.0;
				MTL_ENABLE_DEBUG_INFO = NO;
				SDKROOT = iphoneos;
				TARGETED_DEVICE_FAMILY = "1,2";
				VALIDATE_PRODUCT = YES;
			};
			name = Release;
		};
		E1F5938F1BD5F82B00CC612D /* Debug */ = {
			isa = XCBuildConfiguration;
			buildSettings = {
				ASSETCATALOG_COMPILER_APPICON_NAME = AppIcon;
				INFOPLIST_FILE = WeatherJsonExample/Info.plist;
				LD_RUNPATH_SEARCH_PATHS = "$(inherited) @executable_path/Frameworks";
				PRODUCT_BUNDLE_IDENTIFIER = com.robertvo.WeatherJsonExample;
				PRODUCT_NAME = "$(TARGET_NAME)";
			};
			name = Debug;
		};
		E1F593901BD5F82B00CC612D /* Release */ = {
			isa = XCBuildConfiguration;
			buildSettings = {
				ASSETCATALOG_COMPILER_APPICON_NAME = AppIcon;
				INFOPLIST_FILE = WeatherJsonExample/Info.plist;
				LD_RUNPATH_SEARCH_PATHS = "$(inherited) @executable_path/Frameworks";
				PRODUCT_BUNDLE_IDENTIFIER = com.robertvo.WeatherJsonExample;
				PRODUCT_NAME = "$(TARGET_NAME)";
			};
			name = Release;
		};
		E1F593921BD5F82B00CC612D /* Debug */ = {
			isa = XCBuildConfiguration;
			buildSettings = {
				BUNDLE_LOADER = "$(TEST_HOST)";
				INFOPLIST_FILE = WeatherJsonExampleTests/Info.plist;
				LD_RUNPATH_SEARCH_PATHS = "$(inherited) @executable_path/Frameworks @loader_path/Frameworks";
				PRODUCT_BUNDLE_IDENTIFIER = com.robertvo.WeatherJsonExampleTests;
				PRODUCT_NAME = "$(TARGET_NAME)";
				TEST_HOST = "$(BUILT_PRODUCTS_DIR)/WeatherJsonExample.app/WeatherJsonExample";
			};
			name = Debug;
		};
		E1F593931BD5F82B00CC612D /* Release */ = {
			isa = XCBuildConfiguration;
			buildSettings = {
				BUNDLE_LOADER = "$(TEST_HOST)";
				INFOPLIST_FILE = WeatherJsonExampleTests/Info.plist;
				LD_RUNPATH_SEARCH_PATHS = "$(inherited) @executable_path/Frameworks @loader_path/Frameworks";
				PRODUCT_BUNDLE_IDENTIFIER = com.robertvo.WeatherJsonExampleTests;
				PRODUCT_NAME = "$(TARGET_NAME)";
				TEST_HOST = "$(BUILT_PRODUCTS_DIR)/WeatherJsonExample.app/WeatherJsonExample";
			};
			name = Release;
		};
/* End XCBuildConfiguration section */

/* Begin XCConfigurationList section */
		E1F593671BD5F82B00CC612D /* Build configuration list for PBXProject "WeatherJsonExample" */ = {
			isa = XCConfigurationList;
			buildConfigurations = (
				E1F5938C1BD5F82B00CC612D /* Debug */,
				E1F5938D1BD5F82B00CC612D /* Release */,
			);
			defaultConfigurationIsVisible = 0;
			defaultConfigurationName = Release;
		};
		E1F5938E1BD5F82B00CC612D /* Build configuration list for PBXNativeTarget "WeatherJsonExample" */ = {
			isa = XCConfigurationList;
			buildConfigurations = (
				E1F5938F1BD5F82B00CC612D /* Debug */,
				E1F593901BD5F82B00CC612D /* Release */,
			);
			defaultConfigurationIsVisible = 0;
			defaultConfigurationName = Release;
		};
		E1F593911BD5F82B00CC612D /* Build configuration list for PBXNativeTarget "WeatherJsonExampleTests" */ = {
			isa = XCConfigurationList;
			buildConfigurations = (
				E1F593921BD5F82B00CC612D /* Debug */,
				E1F593931BD5F82B00CC612D /* Release */,
			);
			defaultConfigurationIsVisible = 0;
			defaultConfigurationName = Release;
		};
/* End XCConfigurationList section */
	};
	rootObject = E1F593641BD5F82B00CC612D /* Project object */;
}
